// !$*UTF8*$!
{
	archiveVersion = 1;
	classes = {
	};
	objectVersion = 50;
	objects = {

/* Begin PBXBuildFile section */
		8E4A4FEA22437C70003415A1 /* PlaySoundViewController.swift in Sources */ = {isa = PBXBuildFile; fileRef = 8E4A4FE922437C70003415A1 /* PlaySoundViewController.swift */; };
		8E4A4FEE22452D5E003415A1 /* playsoundsviewcontroller-audio.swift in Sources */ = {isa = PBXBuildFile; fileRef = 8E4A4FED22452D5E003415A1 /* playsoundsviewcontroller-audio.swift */; };
		8EC3BD3F223EAB7100FF77FB /* AppDelegate.swift in Sources */ = {isa = PBXBuildFile; fileRef = 8EC3BD3E223EAB7100FF77FB /* AppDelegate.swift */; };
		8EC3BD41223EAB7100FF77FB /* RecordSoundViewController.swift in Sources */ = {isa = PBXBuildFile; fileRef = 8EC3BD40223EAB7100FF77FB /* RecordSoundViewController.swift */; };
		8EC3BD44223EAB7100FF77FB /* Main.storyboard in Resources */ = {isa = PBXBuildFile; fileRef = 8EC3BD42223EAB7100FF77FB /* Main.storyboard */; };
		8EC3BD46223EAB7300FF77FB /* Assets.xcassets in Resources */ = {isa = PBXBuildFile; fileRef = 8EC3BD45223EAB7300FF77FB /* Assets.xcassets */; };
		8EC3BD49223EAB7300FF77FB /* LaunchScreen.storyboard in Resources */ = {isa = PBXBuildFile; fileRef = 8EC3BD47223EAB7300FF77FB /* LaunchScreen.storyboard */; };
/* End PBXBuildFile section */

/* Begin PBXFileReference section */
		8E4A4FE922437C70003415A1 /* PlaySoundViewController.swift */ = {isa = PBXFileReference; lastKnownFileType = sourcecode.swift; path = PlaySoundViewController.swift; sourceTree = "<group>"; };
		8E4A4FED22452D5E003415A1 /* playsoundsviewcontroller-audio.swift */ = {isa = PBXFileReference; fileEncoding = 4; lastKnownFileType = sourcecode.swift; path = "playsoundsviewcontroller-audio.swift"; sourceTree = "<group>"; };
		8EC3BD3B223EAB7000FF77FB /* pitch perfect.app */ = {isa = PBXFileReference; explicitFileType = wrapper.application; includeInIndex = 0; path = "pitch perfect.app"; sourceTree = BUILT_PRODUCTS_DIR; };
		8EC3BD3E223EAB7100FF77FB /* AppDelegate.swift */ = {isa = PBXFileReference; lastKnownFileType = sourcecode.swift; path = AppDelegate.swift; sourceTree = "<group>"; };
		8EC3BD40223EAB7100FF77FB /* RecordSoundViewController.swift */ = {isa = PBXFileReference; lastKnownFileType = sourcecode.swift; path = RecordSoundViewController.swift; sourceTree = "<group>"; };
		8EC3BD43223EAB7100FF77FB /* Base */ = {isa = PBXFileReference; lastKnownFileType = file.storyboard; name = Base; path = Base.lproj/Main.storyboard; sourceTree = "<group>"; };
		8EC3BD45223EAB7300FF77FB /* Assets.xcassets */ = {isa = PBXFileReference; lastKnownFileType = folder.assetcatalog; path = Assets.xcassets; sourceTree = "<group>"; };
		8EC3BD48223EAB7300FF77FB /* Base */ = {isa = PBXFileReference; lastKnownFileType = file.storyboard; name = Base; path = Base.lproj/LaunchScreen.storyboard; sourceTree = "<group>"; };
		8EC3BD4A223EAB7300FF77FB /* Info.plist */ = {isa = PBXFileReference; lastKnownFileType = text.plist.xml; path = Info.plist; sourceTree = "<group>"; };
/* End PBXFileReference section */

/* Begin PBXFrameworksBuildPhase section */
		8EC3BD38223EAB7000FF77FB /* Frameworks */ = {
			isa = PBXFrameworksBuildPhase;
			buildActionMask = 2147483647;
			files = (
			);
			runOnlyForDeploymentPostprocessing = 0;
		};
/* End PBXFrameworksBuildPhase section */

/* Begin PBXGroup section */
		8EC3BD32223EAB7000FF77FB = {
			isa = PBXGroup;
			children = (
				8EC3BD3D223EAB7000FF77FB /* pitch perfect */,
				8EC3BD3C223EAB7000FF77FB /* Products */,
			);
			sourceTree = "<group>";
		};
		8EC3BD3C223EAB7000FF77FB /* Products */ = {
			isa = PBXGroup;
			children = (
				8EC3BD3B223EAB7000FF77FB /* pitch perfect.app */,
			);
			name = Products;
			sourceTree = "<group>";
		};
		8EC3BD3D223EAB7000FF77FB /* pitch perfect */ = {
			isa = PBXGroup;
			children = (
				8EC3BD3E223EAB7100FF77FB /* AppDelegate.swift */,
				8EC3BD40223EAB7100FF77FB /* RecordSoundViewController.swift */,
				8EC3BD42223EAB7100FF77FB /* Main.storyboard */,
				8EC3BD45223EAB7300FF77FB /* Assets.xcassets */,
				8EC3BD47223EAB7300FF77FB /* LaunchScreen.storyboard */,
				8EC3BD4A223EAB7300FF77FB /* Info.plist */,
				8E4A4FE922437C70003415A1 /* PlaySoundViewController.swift */,
				8E4A4FED22452D5E003415A1 /* playsoundsviewcontroller-audio.swift */,
			);
			path = "pitch perfect";
			sourceTree = "<group>";
		};
/* End PBXGroup section */

/* Begin PBXNativeTarget section */
		8EC3BD3A223EAB7000FF77FB /* pitch perfect */ = {
			isa = PBXNativeTarget;
			buildConfigurationList = 8EC3BD4D223EAB7300FF77FB /* Build configuration list for PBXNativeTarget "pitch perfect" */;
			buildPhases = (
				8EC3BD37223EAB7000FF77FB /* Sources */,
				8EC3BD38223EAB7000FF77FB /* Frameworks */,
				8EC3BD39223EAB7000FF77FB /* Resources */,
			);
			buildRules = (
			);
			dependencies = (
			);
			name = "pitch perfect";
			productName = "pitch perfect";
			productReference = 8EC3BD3B223EAB7000FF77FB /* pitch perfect.app */;
			productType = "com.apple.product-type.application";
		};
/* End PBXNativeTarget section */

/* Begin PBXProject section */
		8EC3BD33223EAB7000FF77FB /* Project object */ = {
			isa = PBXProject;
			attributes = {
				LastSwiftUpdateCheck = 1010;
				LastUpgradeCheck = 1010;
				ORGANIZATIONNAME = "mac pro";
				TargetAttributes = {
					8EC3BD3A223EAB7000FF77FB = {
						CreatedOnToolsVersion = 10.1;
					};
				};
			};
			buildConfigurationList = 8EC3BD36223EAB7000FF77FB /* Build configuration list for PBXProject "pitch perfect" */;
			compatibilityVersion = "Xcode 9.3";
			developmentRegion = en;
			hasScannedForEncodings = 0;
			knownRegions = (
				en,
				Base,
			);
			mainGroup = 8EC3BD32223EAB7000FF77FB;
			productRefGroup = 8EC3BD3C223EAB7000FF77FB /* Products */;
			projectDirPath = "";
			projectRoot = "";
			targets = (
				8EC3BD3A223EAB7000FF77FB /* pitch perfect */,
			);
		};
/* End PBXProject section */

/* Begin PBXResourcesBuildPhase section */
		8EC3BD39223EAB7000FF77FB /* Resources */ = {
			isa = PBXResourcesBuildPhase;
			buildActionMask = 2147483647;
			files = (
				8EC3BD49223EAB7300FF77FB /* LaunchScreen.storyboard in Resources */,
				8EC3BD46223EAB7300FF77FB /* Assets.xcassets in Resources */,
				8EC3BD44223EAB7100FF77FB /* Main.storyboard in Resources */,
			);
			runOnlyForDeploymentPostprocessing = 0;
		};
/* End PBXResourcesBuildPhase section */

/* Begin PBXSourcesBuildPhase section */
		8EC3BD37223EAB7000FF77FB /* Sources */ = {
			isa = PBXSourcesBuildPhase;
			buildActionMask = 2147483647;
			files = (
				8EC3BD41223EAB7100FF77FB /* RecordSoundViewController.swift in Sources */,
				8E4A4FEA22437C70003415A1 /* PlaySoundViewController.swift in Sources */,
				8EC3BD3F223EAB7100FF77FB /* AppDelegate.swift in Sources */,
				8E4A4FEE22452D5E003415A1 /* playsoundsviewcontroller-audio.swift in Sources */,
			);
			runOnlyForDeploymentPostprocessing = 0;
		};
/* End PBXSourcesBuildPhase section */

/* Begin PBXVariantGroup section */
		8EC3BD42223EAB7100FF77FB /* Main.storyboard */ = {
			isa = PBXVariantGroup;
			children = (
				8EC3BD43223EAB7100FF77FB /* Base */,
			);
			name = Main.storyboard;
			sourceTree = "<group>";
		};
		8EC3BD47223EAB7300FF77FB /* LaunchScreen.storyboard */ = {
			isa = PBXVariantGroup;
			children = (
				8EC3BD48223EAB7300FF77FB /* Base */,
			);
			name = LaunchScreen.storyboard;
			sourceTree = "<group>";
		};
/* End PBXVariantGroup section */

/* Begin XCBuildConfiguration section */
		8EC3BD4B223EAB7300FF77FB /* Debug */ = {
			isa = XCBuildConfiguration;
			buildSettings = {
				ALWAYS_SEARCH_USER_PATHS = NO;
				CLANG_ANALYZER_NONNULL = YES;
				CLANG_ANALYZER_NUMBER_OBJECT_CONVERSION = YES_AGGRESSIVE;
				CLANG_CXX_LANGUAGE_STANDARD = "gnu++14";
				CLANG_CXX_LIBRARY = "libc++";
				CLANG_ENABLE_MODULES = YES;
				CLANG_ENABLE_OBJC_ARC = YES;
				CLANG_ENABLE_OBJC_WEAK = YES;
				CLANG_WARN_BLOCK_CAPTURE_AUTORELEASING = YES;
				CLANG_WARN_BOOL_CONVERSION = YES;
				CLANG_WARN_COMMA = YES;
				CLANG_WARN_CONSTANT_CONVERSION = YES;
				CLANG_WARN_DEPRECATED_OBJC_IMPLEMENTATIONS = YES;
				CLANG_WARN_DIRECT_OBJC_ISA_USAGE = YES_ERROR;
				CLANG_WARN_DOCUMENTATION_COMMENTS = YES;
				CLANG_WARN_EMPTY_BODY = YES;
				CLANG_WARN_ENUM_CONVERSION = YES;
				CLANG_WARN_INFINITE_RECURSION = YES;
				CLANG_WARN_INT_CONVERSION = YES;
				CLANG_WARN_NON_LITERAL_NULL_CONVERSION = YES;
				CLANG_WARN_OBJC_IMPLICIT_RETAIN_SELF = YES;
				CLANG_WARN_OBJC_LITERAL_CONVERSION = YES;
				CLANG_WARN_OBJC_ROOT_CLASS = YES_ERROR;
				CLANG_WARN_RANGE_LOOP_ANALYSIS = YES;
				CLANG_WARN_STRICT_PROTOTYPES = YES;
				CLANG_WARN_SUSPICIOUS_MOVE = YES;
				CLANG_WARN_UNGUARDED_AVAILABILITY = YES_AGGRESSIVE;
				CLANG_WARN_UNREACHABLE_CODE = YES;
				CLANG_WARN__DUPLICATE_METHOD_MATCH = YES;
				CODE_SIGN_IDENTITY = "iPhone Developer";
				COPY_PHASE_STRIP = NO;
				DEBUG_INFORMATION_FORMAT = dwarf;
				ENABLE_STRICT_OBJC_MSGSEND = YES;
				ENABLE_TESTABILITY = YES;
				GCC_C_LANGUAGE_STANDARD = gnu11;
				GCC_DYNAMIC_NO_PIC = NO;
				GCC_NO_COMMON_BLOCKS = YES;
				GCC_OPTIMIZATION_LEVEL = 0;
				GCC_PREPROCESSOR_DEFINITIONS = (
					"DEBUG=1",
					"$(inherited)",
				);
				GCC_WARN_64_TO_32_BIT_CONVERSION = YES;
				GCC_WARN_ABOUT_RETURN_TYPE = YES_ERROR;
				GCC_WARN_UNDECLARED_SELECTOR = YES;
				GCC_WARN_UNINITIALIZED_AUTOS = YES_AGGRESSIVE;
				GCC_WARN_UNUSED_FUNCTION = YES;
				GCC_WARN_UNUSED_VARIABLE = YES;
				IPHONEOS_DEPLOYMENT_TARGET = 12.1;
				MTL_ENABLE_DEBUG_INFO = INCLUDE_SOURCE;
				MTL_FAST_MATH = YES;
				ONLY_ACTIVE_ARCH = YES;
				SDKROOT = iphoneos;
				SWIFT_ACTIVE_COMPILATION_CONDITIONS = DEBUG;
				SWIFT_OPTIMIZATION_LEVEL = "-Onone";
			};
			name = Debug;
		};
		8EC3BD4C223EAB7300FF77FB /* Release */ = {
			isa = XCBuildConfiguration;
			buildSettings = {
				ALWAYS_SEARCH_USER_PATHS = NO;
				CLANG_ANALYZER_NONNULL = YES;
				CLANG_ANALYZER_NUMBER_OBJECT_CONVERSION = YES_AGGRESSIVE;
				CLANG_CXX_LANGUAGE_STANDARD = "gnu++14";
				CLANG_CXX_LIBRARY = "libc++";
				CLANG_ENABLE_MODULES = YES;
				CLANG_ENABLE_OBJC_ARC = YES;
				CLANG_ENABLE_OBJC_WEAK = YES;
				CLANG_WARN_BLOCK_CAPTURE_AUTORELEASING = YES;
				CLANG_WARN_BOOL_CONVERSION = YES;
				CLANG_WARN_COMMA = YES;
				CLANG_WARN_CONSTANT_CONVERSION = YES;
				CLANG_WARN_DEPRECATED_OBJC_IMPLEMENTATIONS = YES;
				CLANG_WARN_DIRECT_OBJC_ISA_USAGE = YES_ERROR;
				CLANG_WARN_DOCUMENTATION_COMMENTS = YES;
				CLANG_WARN_EMPTY_BODY = YES;
				CLANG_WARN_ENUM_CONVERSION = YES;
				CLANG_WARN_INFINITE_RECURSION = YES;
				CLANG_WARN_INT_CONVERSION = YES;
				CLANG_WARN_NON_LITERAL_NULL_CONVERSION = YES;
				CLANG_WARN_OBJC_IMPLICIT_RETAIN_SELF = YES;
				CLANG_WARN_OBJC_LITERAL_CONVERSION = YES;
				CLANG_WARN_OBJC_ROOT_CLASS = YES_ERROR;
				CLANG_WARN_RANGE_LOOP_ANALYSIS = YES;
				CLANG_WARN_STRICT_PROTOTYPES = YES;
				CLANG_WARN_SUSPICIOUS_MOVE = YES;
				CLANG_WARN_UNGUARDED_AVAILABILITY = YES_AGGRESSIVE;
				CLANG_WARN_UNREACHABLE_CODE = YES;
				CLANG_WARN__DUPLICATE_METHOD_MATCH = YES;
				CODE_SIGN_IDENTITY = "iPhone Developer";
				COPY_PHASE_STRIP = NO;
				DEBUG_INFORMATION_FORMAT = "dwarf-with-dsym";
				ENABLE_NS_ASSERTIONS = NO;
				ENABLE_STRICT_OBJC_MSGSEND = YES;
				GCC_C_LANGUAGE_STANDARD = gnu11;
				GCC_NO_COMMON_BLOCKS = YES;
				GCC_WARN_64_TO_32_BIT_CONVERSION = YES;
				GCC_WARN_ABOUT_RETURN_TYPE = YES_ERROR;
				GCC_WARN_UNDECLARED_SELECTOR = YES;
				GCC_WARN_UNINITIALIZED_AUTOS = YES_AGGRESSIVE;
				GCC_WARN_UNUSED_FUNCTION = YES;
				GCC_WARN_UNUSED_VARIABLE = YES;
				IPHONEOS_DEPLOYMENT_TARGET = 12.1;
				MTL_ENABLE_DEBUG_INFO = NO;
				MTL_FAST_MATH = YES;
				SDKROOT = iphoneos;
				SWIFT_COMPILATION_MODE = wholemodule;
				SWIFT_OPTIMIZATION_LEVEL = "-O";
				VALIDATE_PRODUCT = YES;
			};
			name = Release;
		};
		8EC3BD4E223EAB7300FF77FB /* Debug */ = {
			isa = XCBuildConfiguration;
			buildSettings = {
				ASSETCATALOG_COMPILER_APPICON_NAME = AppIcon;
				CODE_SIGN_STYLE = Automatic;
				INFOPLIST_FILE = "pitch perfect/Info.plist";
				LD_RUNPATH_SEARCH_PATHS = (
					"$(inherited)",
					"@executable_path/Frameworks",
				);
				PRODUCT_BUNDLE_IDENTIFIER = "udacity.pitch-perfect";
				PRODUCT_NAME = "$(TARGET_NAME)";
				SWIFT_VERSION = 4.2;
				TARGETED_DEVICE_FAMILY = "1,2";
			};
			name = Debug;
		};
		8EC3BD4F223EAB7300FF77FB /* Release */ = {
			isa = XCBuildConfiguration;
			buildSettings = {
				ASSETCATALOG_COMPILER_APPICON_NAME = AppIcon;
				CODE_SIGN_STYLE = Automatic;
				INFOPLIST_FILE = "pitch perfect/Info.plist";
				LD_RUNPATH_SEARCH_PATHS = (
					"$(inherited)",
					"@executable_path/Frameworks",
				);
				PRODUCT_BUNDLE_IDENTIFIER = "udacity.pitch-perfect";
				PRODUCT_NAME = "$(TARGET_NAME)";
				SWIFT_VERSION = 4.2;
				TARGETED_DEVICE_FAMILY = "1,2";
			};
			name = Release;
		};
/* End XCBuildConfiguration section */

/* Begin XCConfigurationList section */
		8EC3BD36223EAB7000FF77FB /* Build configuration list for PBXProject "pitch perfect" */ = {
			isa = XCConfigurationList;
			buildConfigurations = (
				8EC3BD4B223EAB7300FF77FB /* Debug */,
				8EC3BD4C223EAB7300FF77FB /* Release */,
			);
			defaultConfigurationIsVisible = 0;
			defaultConfigurationName = Release;
		};
		8EC3BD4D223EAB7300FF77FB /* Build configuration list for PBXNativeTarget "pitch perfect" */ = {
			isa = XCConfigurationList;
			buildConfigurations = (
				8EC3BD4E223EAB7300FF77FB /* Debug */,
				8EC3BD4F223EAB7300FF77FB /* Release */,
			);
			defaultConfigurationIsVisible = 0;
			defaultConfigurationName = Release;
		};
/* End XCConfigurationList section */
	};
	rootObject = 8EC3BD33223EAB7000FF77FB /* Project object */;
}
